
Microsoft Visual Studio Solution File, Format Version 12.00
# Visual Studio 15
VisualStudioVersion = 15.0.28010.2016
MinimumVisualStudioVersion = 10.0.40219.1
Project("{9A19103F-16F7-4668-BE54-9A1E7A4F7556}") = "UKFast.API.Client.Core", "UKFast.API.Client.Core\UKFast.API.Client.Core.csproj", "{1B582D0C-36DB-403A-881C-A6AA7FF0C078}"
EndProject
Project("{9A19103F-16F7-4668-BE54-9A1E7A4F7556}") = "UKFast.API.Client.Core.Tests", "UKFast.API.Client.Core.Tests\UKFast.API.Client.Core.Tests.csproj", "{1A0B1E2F-9072-4178-8C7E-0DCF2903476C}"
EndProject
Global
	GlobalSection(SolutionConfigurationPlatforms) = preSolution
		Debug|Any CPU = Debug|Any CPU
		Release|Any CPU = Release|Any CPU
	EndGlobalSection
	GlobalSection(ProjectConfigurationPlatforms) = postSolution
		{1B582D0C-36DB-403A-881C-A6AA7FF0C078}.Debug|Any CPU.ActiveCfg = Debug|Any CPU
		{1B582D0C-36DB-403A-881C-A6AA7FF0C078}.Debug|Any CPU.Build.0 = Debug|Any CPU
		{1B582D0C-36DB-403A-881C-A6AA7FF0C078}.Release|Any CPU.ActiveCfg = Release|Any CPU
		{1B582D0C-36DB-403A-881C-A6AA7FF0C078}.Release|Any CPU.Build.0 = Release|Any CPU
		{1A0B1E2F-9072-4178-8C7E-0DCF2903476C}.Debug|Any CPU.ActiveCfg = Debug|Any CPU
		{1A0B1E2F-9072-4178-8C7E-0DCF2903476C}.Debug|Any CPU.Build.0 = Debug|Any CPU
		{1A0B1E2F-9072-4178-8C7E-0DCF2903476C}.Release|Any CPU.ActiveCfg = Release|Any CPU
		{1A0B1E2F-9072-4178-8C7E-0DCF2903476C}.Release|Any CPU.Build.0 = Release|Any CPU
	EndGlobalSection
	GlobalSection(SolutionProperties) = preSolution
		HideSolutionNode = FALSE
	EndGlobalSection
	GlobalSection(ExtensibilityGlobals) = postSolution
		SolutionGuid = {FA3B2B0D-2827-4ADC-9BF0-A44BC2719A9D}
	EndGlobalSection
EndGlobal
